
Microsoft Visual Studio Solution File, Format Version 12.00
# Visual Studio Version 16
VisualStudioVersion = 16.0.29409.12
MinimumVisualStudioVersion = 10.0.40219.1
Project("{FAE04EC0-301F-11D3-BF4B-00C04F79EFBC}") = "myfunction", "myfunction\myfunction.csproj", "{8DDA1C69-B0BD-4900-816D-5517FEAF6427}"
EndProject
Global
	GlobalSection(SolutionConfigurationPlatforms) = preSolution
		Debug|Any CPU = Debug|Any CPU
		Release|Any CPU = Release|Any CPU
	EndGlobalSection
	GlobalSection(ProjectConfigurationPlatforms) = postSolution
		{8DDA1C69-B0BD-4900-816D-5517FEAF6427}.Debug|Any CPU.ActiveCfg = Debug|Any CPU
		{8DDA1C69-B0BD-4900-816D-5517FEAF6427}.Debug|Any CPU.Build.0 = Debug|Any CPU
		{8DDA1C69-B0BD-4900-816D-5517FEAF6427}.Release|Any CPU.ActiveCfg = Release|Any CPU
		{8DDA1C69-B0BD-4900-816D-5517FEAF6427}.Release|Any CPU.Build.0 = Release|Any CPU
	EndGlobalSection
	GlobalSection(SolutionProperties) = preSolution
		HideSolutionNode = FALSE
	EndGlobalSection
	GlobalSection(ExtensibilityGlobals) = postSolution
		SolutionGuid = {2CC12CFB-55EA-4312-AA30-C0B851B26FC3}
	EndGlobalSection
EndGlobal
